// !$*UTF8*$!
{
	archiveVersion = 1;
	classes = {
	};
	objectVersion = 50;
	objects = {

/* Begin PBXBuildFile section */
		0B42BD00251D396300964D42 /* Feed.swift in Sources */ = {isa = PBXBuildFile; fileRef = 0B42BCFF251D396300964D42 /* Feed.swift */; };
		0B42BD08251D398200964D42 /* Album.swift in Sources */ = {isa = PBXBuildFile; fileRef = 0B42BD07251D398200964D42 /* Album.swift */; };
		0B42BD16251D82F600964D42 /* FeedViewTests.swift in Sources */ = {isa = PBXBuildFile; fileRef = 0B42BD15251D82F600964D42 /* FeedViewTests.swift */; };
		0B42BD21251D850000964D42 /* FeedViewModel.swift in Sources */ = {isa = PBXBuildFile; fileRef = 0B42BD20251D850000964D42 /* FeedViewModel.swift */; };
		0B42BD25251D854300964D42 /* FeedViewModel.swift in Sources */ = {isa = PBXBuildFile; fileRef = 0B42BD20251D850000964D42 /* FeedViewModel.swift */; };
		0B42BD2A251D858A00964D42 /* AlbumViewModel.swift in Sources */ = {isa = PBXBuildFile; fileRef = 0B42BD29251D858A00964D42 /* AlbumViewModel.swift */; };
		0B42BD2E251D870800964D42 /* AlbumViewModel.swift in Sources */ = {isa = PBXBuildFile; fileRef = 0B42BD29251D858A00964D42 /* AlbumViewModel.swift */; };
		0B42BD2F251D878100964D42 /* Feed.swift in Sources */ = {isa = PBXBuildFile; fileRef = 0B42BCFF251D396300964D42 /* Feed.swift */; };
		0B42BD30251D878100964D42 /* Album.swift in Sources */ = {isa = PBXBuildFile; fileRef = 0B42BD07251D398200964D42 /* Album.swift */; };
		0B42BD35251D8C8E00964D42 /* artwork.png in Resources */ = {isa = PBXBuildFile; fileRef = 0B42BD34251D8C8E00964D42 /* artwork.png */; };
		0B42BD3D251D90DE00964D42 /* Model+Tests.swift in Sources */ = {isa = PBXBuildFile; fileRef = 0B42BD3C251D90DE00964D42 /* Model+Tests.swift */; };
		0B42BD45251D9DFF00964D42 /* FeedViewController.swift in Sources */ = {isa = PBXBuildFile; fileRef = 0B42BD44251D9DFF00964D42 /* FeedViewController.swift */; };
		0B42BD4A251DA1DE00964D42 /* UITableView+.swift in Sources */ = {isa = PBXBuildFile; fileRef = 0B42BD49251DA1DE00964D42 /* UITableView+.swift */; };
		0B82BC31251D28C200BA31F5 /* API.swift in Sources */ = {isa = PBXBuildFile; fileRef = 0B82BC30251D28C200BA31F5 /* API.swift */; };
		0B82BC36251D290300BA31F5 /* Response.swift in Sources */ = {isa = PBXBuildFile; fileRef = 0B82BC35251D290300BA31F5 /* Response.swift */; };
		0B82BC40251D2BB300BA31F5 /* RssAPI.swift in Sources */ = {isa = PBXBuildFile; fileRef = 0B82BC3F251D2BB300BA31F5 /* RssAPI.swift */; };
		0B92AF7A251CE95700F3F534 /* README.md in Resources */ = {isa = PBXBuildFile; fileRef = 0B92AF79251CE95700F3F534 /* README.md */; };
		0B9E4DF8251DA44000F79A7C /* AlbumRow.swift in Sources */ = {isa = PBXBuildFile; fileRef = 0B9E4DF7251DA44000F79A7C /* AlbumRow.swift */; };
		0B9E4DFD251DAB9600F79A7C /* UIView+AutoLayout.swift in Sources */ = {isa = PBXBuildFile; fileRef = 0B9E4DFC251DAB9600F79A7C /* UIView+AutoLayout.swift */; };
		0BC6DAE8251CE4D900DAEF72 /* AppDelegate.swift in Sources */ = {isa = PBXBuildFile; fileRef = 0BC6DAE7251CE4D900DAEF72 /* AppDelegate.swift */; };
		0BC6DAEE251CE4DB00DAEF72 /* Assets.xcassets in Resources */ = {isa = PBXBuildFile; fileRef = 0BC6DAED251CE4DB00DAEF72 /* Assets.xcassets */; };
		0BC6DAF4251CE4DB00DAEF72 /* LaunchScreen.storyboard in Resources */ = {isa = PBXBuildFile; fileRef = 0BC6DAF2251CE4DB00DAEF72 /* LaunchScreen.storyboard */; };
		0BC6DB0A251CE4DB00DAEF72 /* Top100AlbumsUITests.swift in Sources */ = {isa = PBXBuildFile; fileRef = 0BC6DB09251CE4DB00DAEF72 /* Top100AlbumsUITests.swift */; };
/* End PBXBuildFile section */

/* Begin PBXContainerItemProxy section */
		0BC6DAFB251CE4DB00DAEF72 /* PBXContainerItemProxy */ = {
			isa = PBXContainerItemProxy;
			containerPortal = 0BC6DADC251CE4D900DAEF72 /* Project object */;
			proxyType = 1;
			remoteGlobalIDString = 0BC6DAE3251CE4D900DAEF72;
			remoteInfo = Top100Albums;
		};
		0BC6DB06251CE4DB00DAEF72 /* PBXContainerItemProxy */ = {
			isa = PBXContainerItemProxy;
			containerPortal = 0BC6DADC251CE4D900DAEF72 /* Project object */;
			proxyType = 1;
			remoteGlobalIDString = 0BC6DAE3251CE4D900DAEF72;
			remoteInfo = Top100Albums;
		};
/* End PBXContainerItemProxy section */

/* Begin PBXFileReference section */
		0B42BCFF251D396300964D42 /* Feed.swift */ = {isa = PBXFileReference; lastKnownFileType = sourcecode.swift; path = Feed.swift; sourceTree = "<group>"; };
		0B42BD07251D398200964D42 /* Album.swift */ = {isa = PBXFileReference; lastKnownFileType = sourcecode.swift; path = Album.swift; sourceTree = "<group>"; };
		0B42BD15251D82F600964D42 /* FeedViewTests.swift */ = {isa = PBXFileReference; lastKnownFileType = sourcecode.swift; path = FeedViewTests.swift; sourceTree = "<group>"; };
		0B42BD20251D850000964D42 /* FeedViewModel.swift */ = {isa = PBXFileReference; lastKnownFileType = sourcecode.swift; path = FeedViewModel.swift; sourceTree = "<group>"; };
		0B42BD29251D858A00964D42 /* AlbumViewModel.swift */ = {isa = PBXFileReference; lastKnownFileType = sourcecode.swift; path = AlbumViewModel.swift; sourceTree = "<group>"; };
		0B42BD34251D8C8E00964D42 /* artwork.png */ = {isa = PBXFileReference; lastKnownFileType = image.png; path = artwork.png; sourceTree = "<group>"; };
		0B42BD3C251D90DE00964D42 /* Model+Tests.swift */ = {isa = PBXFileReference; lastKnownFileType = sourcecode.swift; path = "Model+Tests.swift"; sourceTree = "<group>"; };
		0B42BD44251D9DFF00964D42 /* FeedViewController.swift */ = {isa = PBXFileReference; lastKnownFileType = sourcecode.swift; path = FeedViewController.swift; sourceTree = "<group>"; };
		0B42BD49251DA1DE00964D42 /* UITableView+.swift */ = {isa = PBXFileReference; lastKnownFileType = sourcecode.swift; path = "UITableView+.swift"; sourceTree = "<group>"; };
		0B82BC30251D28C200BA31F5 /* API.swift */ = {isa = PBXFileReference; lastKnownFileType = sourcecode.swift; path = API.swift; sourceTree = "<group>"; };
		0B82BC35251D290300BA31F5 /* Response.swift */ = {isa = PBXFileReference; lastKnownFileType = sourcecode.swift; path = Response.swift; sourceTree = "<group>"; };
		0B82BC3F251D2BB300BA31F5 /* RssAPI.swift */ = {isa = PBXFileReference; lastKnownFileType = sourcecode.swift; path = RssAPI.swift; sourceTree = "<group>"; };
		0B92AF79251CE95700F3F534 /* README.md */ = {isa = PBXFileReference; fileEncoding = 4; lastKnownFileType = net.daringfireball.markdown; path = README.md; sourceTree = "<group>"; };
		0B9E4DF7251DA44000F79A7C /* AlbumRow.swift */ = {isa = PBXFileReference; lastKnownFileType = sourcecode.swift; path = AlbumRow.swift; sourceTree = "<group>"; };
		0B9E4DFC251DAB9600F79A7C /* UIView+AutoLayout.swift */ = {isa = PBXFileReference; lastKnownFileType = sourcecode.swift; path = "UIView+AutoLayout.swift"; sourceTree = "<group>"; };
		0BC6DAE4251CE4D900DAEF72 /* Top100Albums.app */ = {isa = PBXFileReference; explicitFileType = wrapper.application; includeInIndex = 0; path = Top100Albums.app; sourceTree = BUILT_PRODUCTS_DIR; };
		0BC6DAE7251CE4D900DAEF72 /* AppDelegate.swift */ = {isa = PBXFileReference; lastKnownFileType = sourcecode.swift; path = AppDelegate.swift; sourceTree = "<group>"; };
		0BC6DAED251CE4DB00DAEF72 /* Assets.xcassets */ = {isa = PBXFileReference; lastKnownFileType = folder.assetcatalog; path = Assets.xcassets; sourceTree = "<group>"; };
		0BC6DAF3251CE4DB00DAEF72 /* Base */ = {isa = PBXFileReference; lastKnownFileType = file.storyboard; name = Base; path = Base.lproj/LaunchScreen.storyboard; sourceTree = "<group>"; };
		0BC6DAF5251CE4DB00DAEF72 /* Info.plist */ = {isa = PBXFileReference; lastKnownFileType = text.plist.xml; path = Info.plist; sourceTree = "<group>"; };
		0BC6DAFA251CE4DB00DAEF72 /* Top100AlbumsTests.xctest */ = {isa = PBXFileReference; explicitFileType = wrapper.cfbundle; includeInIndex = 0; path = Top100AlbumsTests.xctest; sourceTree = BUILT_PRODUCTS_DIR; };
		0BC6DB00251CE4DB00DAEF72 /* Info.plist */ = {isa = PBXFileReference; lastKnownFileType = text.plist.xml; path = Info.plist; sourceTree = "<group>"; };
		0BC6DB05251CE4DB00DAEF72 /* Top100AlbumsUITests.xctest */ = {isa = PBXFileReference; explicitFileType = wrapper.cfbundle; includeInIndex = 0; path = Top100AlbumsUITests.xctest; sourceTree = BUILT_PRODUCTS_DIR; };
		0BC6DB09251CE4DB00DAEF72 /* Top100AlbumsUITests.swift */ = {isa = PBXFileReference; lastKnownFileType = sourcecode.swift; path = Top100AlbumsUITests.swift; sourceTree = "<group>"; };
		0BC6DB0B251CE4DB00DAEF72 /* Info.plist */ = {isa = PBXFileReference; lastKnownFileType = text.plist.xml; path = Info.plist; sourceTree = "<group>"; };
/* End PBXFileReference section */

/* Begin PBXFrameworksBuildPhase section */
		0BC6DAE1251CE4D900DAEF72 /* Frameworks */ = {
			isa = PBXFrameworksBuildPhase;
			buildActionMask = 2147483647;
			files = (
			);
			runOnlyForDeploymentPostprocessing = 0;
		};
		0BC6DAF7251CE4DB00DAEF72 /* Frameworks */ = {
			isa = PBXFrameworksBuildPhase;
			buildActionMask = 2147483647;
			files = (
			);
			runOnlyForDeploymentPostprocessing = 0;
		};
		0BC6DB02251CE4DB00DAEF72 /* Frameworks */ = {
			isa = PBXFrameworksBuildPhase;
			buildActionMask = 2147483647;
			files = (
			);
			runOnlyForDeploymentPostprocessing = 0;
		};
/* End PBXFrameworksBuildPhase section */

/* Begin PBXGroup section */
		0B42BCFE251D387E00964D42 /* View */ = {
			isa = PBXGroup;
			children = (
				0BC6DAF2251CE4DB00DAEF72 /* LaunchScreen.storyboard */,
				0B9E4DF3251DA3CB00F79A7C /* Feed */,
				0B42BD49251DA1DE00964D42 /* UITableView+.swift */,
				0B9E4DFC251DAB9600F79A7C /* UIView+AutoLayout.swift */,
			);
			path = View;
			sourceTree = "<group>";
		};
		0B82BC2F251D27D600BA31F5 /* Networking */ = {
			isa = PBXGroup;
			children = (
				0B82BC30251D28C200BA31F5 /* API.swift */,
				0B82BC35251D290300BA31F5 /* Response.swift */,
			);
			path = Networking;
			sourceTree = "<group>";
		};
		0B82BC3A251D2B4B00BA31F5 /* Model */ = {
			isa = PBXGroup;
			children = (
				0B42BCFF251D396300964D42 /* Feed.swift */,
				0B42BD07251D398200964D42 /* Album.swift */,
			);
			path = Model;
			sourceTree = "<group>";
		};
		0B82BC3B251D2B5400BA31F5 /* View model */ = {
			isa = PBXGroup;
			children = (
				0B82BC3F251D2BB300BA31F5 /* RssAPI.swift */,
				0B42BD20251D850000964D42 /* FeedViewModel.swift */,
				0B42BD29251D858A00964D42 /* AlbumViewModel.swift */,
			);
			path = "View model";
			sourceTree = "<group>";
		};
		0B9E4DF3251DA3CB00F79A7C /* Feed */ = {
			isa = PBXGroup;
			children = (
				0B42BD44251D9DFF00964D42 /* FeedViewController.swift */,
				0B9E4DF7251DA44000F79A7C /* AlbumRow.swift */,
			);
			path = Feed;
			sourceTree = "<group>";
		};
		0BC6DADB251CE4D900DAEF72 = {
			isa = PBXGroup;
			children = (
				0B92AF79251CE95700F3F534 /* README.md */,
				0BC6DAE6251CE4D900DAEF72 /* Top100Albums */,
				0BC6DAFD251CE4DB00DAEF72 /* Top100AlbumsTests */,
				0BC6DB08251CE4DB00DAEF72 /* Top100AlbumsUITests */,
				0BC6DAE5251CE4D900DAEF72 /* Products */,
			);
			sourceTree = "<group>";
		};
		0BC6DAE5251CE4D900DAEF72 /* Products */ = {
			isa = PBXGroup;
			children = (
				0BC6DAE4251CE4D900DAEF72 /* Top100Albums.app */,
				0BC6DAFA251CE4DB00DAEF72 /* Top100AlbumsTests.xctest */,
				0BC6DB05251CE4DB00DAEF72 /* Top100AlbumsUITests.xctest */,
			);
			name = Products;
			sourceTree = "<group>";
		};
		0BC6DAE6251CE4D900DAEF72 /* Top100Albums */ = {
			isa = PBXGroup;
			children = (
				0BC6DAE7251CE4D900DAEF72 /* AppDelegate.swift */,
				0BC6DAED251CE4DB00DAEF72 /* Assets.xcassets */,
				0B82BC2F251D27D600BA31F5 /* Networking */,
				0B82BC3A251D2B4B00BA31F5 /* Model */,
				0B42BCFE251D387E00964D42 /* View */,
				0B82BC3B251D2B5400BA31F5 /* View model */,
				0BC6DAF5251CE4DB00DAEF72 /* Info.plist */,
			);
			path = Top100Albums;
			sourceTree = "<group>";
		};
		0BC6DAFD251CE4DB00DAEF72 /* Top100AlbumsTests */ = {
			isa = PBXGroup;
			children = (
				0B42BD15251D82F600964D42 /* FeedViewTests.swift */,
				0BC6DB00251CE4DB00DAEF72 /* Info.plist */,
				0B42BD34251D8C8E00964D42 /* artwork.png */,
				0B42BD3C251D90DE00964D42 /* Model+Tests.swift */,
			);
			path = Top100AlbumsTests;
			sourceTree = "<group>";
		};
		0BC6DB08251CE4DB00DAEF72 /* Top100AlbumsUITests */ = {
			isa = PBXGroup;
			children = (
				0BC6DB09251CE4DB00DAEF72 /* Top100AlbumsUITests.swift */,
				0BC6DB0B251CE4DB00DAEF72 /* Info.plist */,
			);
			path = Top100AlbumsUITests;
			sourceTree = "<group>";
		};
/* End PBXGroup section */

/* Begin PBXNativeTarget section */
		0BC6DAE3251CE4D900DAEF72 /* Top100Albums */ = {
			isa = PBXNativeTarget;
			buildConfigurationList = 0BC6DB0E251CE4DB00DAEF72 /* Build configuration list for PBXNativeTarget "Top100Albums" */;
			buildPhases = (
				0BC6DAE0251CE4D900DAEF72 /* Sources */,
				0BC6DAE1251CE4D900DAEF72 /* Frameworks */,
				0BC6DAE2251CE4D900DAEF72 /* Resources */,
			);
			buildRules = (
			);
			dependencies = (
			);
			name = Top100Albums;
			productName = Top100Albums;
			productReference = 0BC6DAE4251CE4D900DAEF72 /* Top100Albums.app */;
			productType = "com.apple.product-type.application";
		};
		0BC6DAF9251CE4DB00DAEF72 /* Top100AlbumsTests */ = {
			isa = PBXNativeTarget;
			buildConfigurationList = 0BC6DB11251CE4DB00DAEF72 /* Build configuration list for PBXNativeTarget "Top100AlbumsTests" */;
			buildPhases = (
				0BC6DAF6251CE4DB00DAEF72 /* Sources */,
				0BC6DAF7251CE4DB00DAEF72 /* Frameworks */,
				0BC6DAF8251CE4DB00DAEF72 /* Resources */,
			);
			buildRules = (
			);
			dependencies = (
				0BC6DAFC251CE4DB00DAEF72 /* PBXTargetDependency */,
			);
			name = Top100AlbumsTests;
			productName = Top100AlbumsTests;
			productReference = 0BC6DAFA251CE4DB00DAEF72 /* Top100AlbumsTests.xctest */;
			productType = "com.apple.product-type.bundle.unit-test";
		};
		0BC6DB04251CE4DB00DAEF72 /* Top100AlbumsUITests */ = {
			isa = PBXNativeTarget;
			buildConfigurationList = 0BC6DB14251CE4DB00DAEF72 /* Build configuration list for PBXNativeTarget "Top100AlbumsUITests" */;
			buildPhases = (
				0BC6DB01251CE4DB00DAEF72 /* Sources */,
				0BC6DB02251CE4DB00DAEF72 /* Frameworks */,
				0BC6DB03251CE4DB00DAEF72 /* Resources */,
			);
			buildRules = (
			);
			dependencies = (
				0BC6DB07251CE4DB00DAEF72 /* PBXTargetDependency */,
			);
			name = Top100AlbumsUITests;
			productName = Top100AlbumsUITests;
			productReference = 0BC6DB05251CE4DB00DAEF72 /* Top100AlbumsUITests.xctest */;
			productType = "com.apple.product-type.bundle.ui-testing";
		};
/* End PBXNativeTarget section */

/* Begin PBXProject section */
		0BC6DADC251CE4D900DAEF72 /* Project object */ = {
			isa = PBXProject;
			attributes = {
				LastSwiftUpdateCheck = 1200;
				LastUpgradeCheck = 1200;
				TargetAttributes = {
					0BC6DAE3251CE4D900DAEF72 = {
						CreatedOnToolsVersion = 12.0;
					};
					0BC6DAF9251CE4DB00DAEF72 = {
						CreatedOnToolsVersion = 12.0;
					};
					0BC6DB04251CE4DB00DAEF72 = {
						CreatedOnToolsVersion = 12.0;
						TestTargetID = 0BC6DAE3251CE4D900DAEF72;
					};
				};
			};
			buildConfigurationList = 0BC6DADF251CE4D900DAEF72 /* Build configuration list for PBXProject "Top100Albums" */;
			compatibilityVersion = "Xcode 9.3";
			developmentRegion = en;
			hasScannedForEncodings = 0;
			knownRegions = (
				en,
				Base,
			);
			mainGroup = 0BC6DADB251CE4D900DAEF72;
			productRefGroup = 0BC6DAE5251CE4D900DAEF72 /* Products */;
			projectDirPath = "";
			projectRoot = "";
			targets = (
				0BC6DAE3251CE4D900DAEF72 /* Top100Albums */,
				0BC6DAF9251CE4DB00DAEF72 /* Top100AlbumsTests */,
				0BC6DB04251CE4DB00DAEF72 /* Top100AlbumsUITests */,
			);
		};
/* End PBXProject section */

/* Begin PBXResourcesBuildPhase section */
		0BC6DAE2251CE4D900DAEF72 /* Resources */ = {
			isa = PBXResourcesBuildPhase;
			buildActionMask = 2147483647;
			files = (
				0BC6DAF4251CE4DB00DAEF72 /* LaunchScreen.storyboard in Resources */,
				0B92AF7A251CE95700F3F534 /* README.md in Resources */,
				0BC6DAEE251CE4DB00DAEF72 /* Assets.xcassets in Resources */,
			);
			runOnlyForDeploymentPostprocessing = 0;
		};
		0BC6DAF8251CE4DB00DAEF72 /* Resources */ = {
			isa = PBXResourcesBuildPhase;
			buildActionMask = 2147483647;
			files = (
				0B42BD35251D8C8E00964D42 /* artwork.png in Resources */,
			);
			runOnlyForDeploymentPostprocessing = 0;
		};
		0BC6DB03251CE4DB00DAEF72 /* Resources */ = {
			isa = PBXResourcesBuildPhase;
			buildActionMask = 2147483647;
			files = (
			);
			runOnlyForDeploymentPostprocessing = 0;
		};
/* End PBXResourcesBuildPhase section */

/* Begin PBXSourcesBuildPhase section */
		0BC6DAE0251CE4D900DAEF72 /* Sources */ = {
			isa = PBXSourcesBuildPhase;
			buildActionMask = 2147483647;
			files = (
				0B42BD21251D850000964D42 /* FeedViewModel.swift in Sources */,
				0B9E4DFD251DAB9600F79A7C /* UIView+AutoLayout.swift in Sources */,
				0B42BD45251D9DFF00964D42 /* FeedViewController.swift in Sources */,
				0B82BC31251D28C200BA31F5 /* API.swift in Sources */,
				0B42BD4A251DA1DE00964D42 /* UITableView+.swift in Sources */,
				0B42BD00251D396300964D42 /* Feed.swift in Sources */,
				0B82BC40251D2BB300BA31F5 /* RssAPI.swift in Sources */,
				0B42BD2A251D858A00964D42 /* AlbumViewModel.swift in Sources */,
				0B82BC36251D290300BA31F5 /* Response.swift in Sources */,
				0B9E4DF8251DA44000F79A7C /* AlbumRow.swift in Sources */,
				0BC6DAE8251CE4D900DAEF72 /* AppDelegate.swift in Sources */,
				0B42BD08251D398200964D42 /* Album.swift in Sources */,
			);
			runOnlyForDeploymentPostprocessing = 0;
		};
		0BC6DAF6251CE4DB00DAEF72 /* Sources */ = {
			isa = PBXSourcesBuildPhase;
			buildActionMask = 2147483647;
			files = (
				0B42BD2E251D870800964D42 /* AlbumViewModel.swift in Sources */,
				0B42BD2F251D878100964D42 /* Feed.swift in Sources */,
				0B42BD25251D854300964D42 /* FeedViewModel.swift in Sources */,
				0B42BD3D251D90DE00964D42 /* Model+Tests.swift in Sources */,
				0B42BD16251D82F600964D42 /* FeedViewTests.swift in Sources */,
				0B42BD30251D878100964D42 /* Album.swift in Sources */,
			);
			runOnlyForDeploymentPostprocessing = 0;
		};
		0BC6DB01251CE4DB00DAEF72 /* Sources */ = {
			isa = PBXSourcesBuildPhase;
			buildActionMask = 2147483647;
			files = (
				0BC6DB0A251CE4DB00DAEF72 /* Top100AlbumsUITests.swift in Sources */,
			);
			runOnlyForDeploymentPostprocessing = 0;
		};
/* End PBXSourcesBuildPhase section */

/* Begin PBXTargetDependency section */
		0BC6DAFC251CE4DB00DAEF72 /* PBXTargetDependency */ = {
			isa = PBXTargetDependency;
			target = 0BC6DAE3251CE4D900DAEF72 /* Top100Albums */;
			targetProxy = 0BC6DAFB251CE4DB00DAEF72 /* PBXContainerItemProxy */;
		};
		0BC6DB07251CE4DB00DAEF72 /* PBXTargetDependency */ = {
			isa = PBXTargetDependency;
			target = 0BC6DAE3251CE4D900DAEF72 /* Top100Albums */;
			targetProxy = 0BC6DB06251CE4DB00DAEF72 /* PBXContainerItemProxy */;
		};
/* End PBXTargetDependency section */

/* Begin PBXVariantGroup section */
		0BC6DAF2251CE4DB00DAEF72 /* LaunchScreen.storyboard */ = {
			isa = PBXVariantGroup;
			children = (
				0BC6DAF3251CE4DB00DAEF72 /* Base */,
			);
			name = LaunchScreen.storyboard;
			sourceTree = "<group>";
		};
/* End PBXVariantGroup section */

/* Begin XCBuildConfiguration section */
		0BC6DB0C251CE4DB00DAEF72 /* Debug */ = {
			isa = XCBuildConfiguration;
			buildSettings = {
				ALWAYS_SEARCH_USER_PATHS = NO;
				CLANG_ANALYZER_NONNULL = YES;
				CLANG_ANALYZER_NUMBER_OBJECT_CONVERSION = YES_AGGRESSIVE;
				CLANG_CXX_LANGUAGE_STANDARD = "gnu++14";
				CLANG_CXX_LIBRARY = "libc++";
				CLANG_ENABLE_MODULES = YES;
				CLANG_ENABLE_OBJC_ARC = YES;
				CLANG_ENABLE_OBJC_WEAK = YES;
				CLANG_WARN_BLOCK_CAPTURE_AUTORELEASING = YES;
				CLANG_WARN_BOOL_CONVERSION = YES;
				CLANG_WARN_COMMA = YES;
				CLANG_WARN_CONSTANT_CONVERSION = YES;
				CLANG_WARN_DEPRECATED_OBJC_IMPLEMENTATIONS = YES;
				CLANG_WARN_DIRECT_OBJC_ISA_USAGE = YES_ERROR;
				CLANG_WARN_DOCUMENTATION_COMMENTS = YES;
				CLANG_WARN_EMPTY_BODY = YES;
				CLANG_WARN_ENUM_CONVERSION = YES;
				CLANG_WARN_INFINITE_RECURSION = YES;
				CLANG_WARN_INT_CONVERSION = YES;
				CLANG_WARN_NON_LITERAL_NULL_CONVERSION = YES;
				CLANG_WARN_OBJC_IMPLICIT_RETAIN_SELF = YES;
				CLANG_WARN_OBJC_LITERAL_CONVERSION = YES;
				CLANG_WARN_OBJC_ROOT_CLASS = YES_ERROR;
				CLANG_WARN_QUOTED_INCLUDE_IN_FRAMEWORK_HEADER = YES;
				CLANG_WARN_RANGE_LOOP_ANALYSIS = YES;
				CLANG_WARN_STRICT_PROTOTYPES = YES;
				CLANG_WARN_SUSPICIOUS_MOVE = YES;
				CLANG_WARN_UNGUARDED_AVAILABILITY = YES_AGGRESSIVE;
				CLANG_WARN_UNREACHABLE_CODE = YES;
				CLANG_WARN__DUPLICATE_METHOD_MATCH = YES;
				COPY_PHASE_STRIP = NO;
				DEBUG_INFORMATION_FORMAT = dwarf;
				ENABLE_STRICT_OBJC_MSGSEND = YES;
				ENABLE_TESTABILITY = YES;
				GCC_C_LANGUAGE_STANDARD = gnu11;
				GCC_DYNAMIC_NO_PIC = NO;
				GCC_NO_COMMON_BLOCKS = YES;
				GCC_OPTIMIZATION_LEVEL = 0;
				GCC_PREPROCESSOR_DEFINITIONS = (
					"DEBUG=1",
					"$(inherited)",
				);
				GCC_WARN_64_TO_32_BIT_CONVERSION = YES;
				GCC_WARN_ABOUT_RETURN_TYPE = YES_ERROR;
				GCC_WARN_UNDECLARED_SELECTOR = YES;
				GCC_WARN_UNINITIALIZED_AUTOS = YES_AGGRESSIVE;
				GCC_WARN_UNUSED_FUNCTION = YES;
				GCC_WARN_UNUSED_VARIABLE = YES;
				IPHONEOS_DEPLOYMENT_TARGET = 11.0;
				MTL_ENABLE_DEBUG_INFO = INCLUDE_SOURCE;
				MTL_FAST_MATH = YES;
				ONLY_ACTIVE_ARCH = YES;
				SDKROOT = iphoneos;
				SWIFT_ACTIVE_COMPILATION_CONDITIONS = DEBUG;
				SWIFT_OPTIMIZATION_LEVEL = "-Onone";
			};
			name = Debug;
		};
		0BC6DB0D251CE4DB00DAEF72 /* Release */ = {
			isa = XCBuildConfiguration;
			buildSettings = {
				ALWAYS_SEARCH_USER_PATHS = NO;
				CLANG_ANALYZER_NONNULL = YES;
				CLANG_ANALYZER_NUMBER_OBJECT_CONVERSION = YES_AGGRESSIVE;
				CLANG_CXX_LANGUAGE_STANDARD = "gnu++14";
				CLANG_CXX_LIBRARY = "libc++";
				CLANG_ENABLE_MODULES = YES;
				CLANG_ENABLE_OBJC_ARC = YES;
				CLANG_ENABLE_OBJC_WEAK = YES;
				CLANG_WARN_BLOCK_CAPTURE_AUTORELEASING = YES;
				CLANG_WARN_BOOL_CONVERSION = YES;
				CLANG_WARN_COMMA = YES;
				CLANG_WARN_CONSTANT_CONVERSION = YES;
				CLANG_WARN_DEPRECATED_OBJC_IMPLEMENTATIONS = YES;
				CLANG_WARN_DIRECT_OBJC_ISA_USAGE = YES_ERROR;
				CLANG_WARN_DOCUMENTATION_COMMENTS = YES;
				CLANG_WARN_EMPTY_BODY = YES;
				CLANG_WARN_ENUM_CONVERSION = YES;
				CLANG_WARN_INFINITE_RECURSION = YES;
				CLANG_WARN_INT_CONVERSION = YES;
				CLANG_WARN_NON_LITERAL_NULL_CONVERSION = YES;
				CLANG_WARN_OBJC_IMPLICIT_RETAIN_SELF = YES;
				CLANG_WARN_OBJC_LITERAL_CONVERSION = YES;
				CLANG_WARN_OBJC_ROOT_CLASS = YES_ERROR;
				CLANG_WARN_QUOTED_INCLUDE_IN_FRAMEWORK_HEADER = YES;
				CLANG_WARN_RANGE_LOOP_ANALYSIS = YES;
				CLANG_WARN_STRICT_PROTOTYPES = YES;
				CLANG_WARN_SUSPICIOUS_MOVE = YES;
				CLANG_WARN_UNGUARDED_AVAILABILITY = YES_AGGRESSIVE;
				CLANG_WARN_UNREACHABLE_CODE = YES;
				CLANG_WARN__DUPLICATE_METHOD_MATCH = YES;
				COPY_PHASE_STRIP = NO;
				DEBUG_INFORMATION_FORMAT = "dwarf-with-dsym";
				ENABLE_NS_ASSERTIONS = NO;
				ENABLE_STRICT_OBJC_MSGSEND = YES;
				GCC_C_LANGUAGE_STANDARD = gnu11;
				GCC_NO_COMMON_BLOCKS = YES;
				GCC_WARN_64_TO_32_BIT_CONVERSION = YES;
				GCC_WARN_ABOUT_RETURN_TYPE = YES_ERROR;
				GCC_WARN_UNDECLARED_SELECTOR = YES;
				GCC_WARN_UNINITIALIZED_AUTOS = YES_AGGRESSIVE;
				GCC_WARN_UNUSED_FUNCTION = YES;
				GCC_WARN_UNUSED_VARIABLE = YES;
				IPHONEOS_DEPLOYMENT_TARGET = 11.0;
				MTL_ENABLE_DEBUG_INFO = NO;
				MTL_FAST_MATH = YES;
				SDKROOT = iphoneos;
				SWIFT_COMPILATION_MODE = wholemodule;
				SWIFT_OPTIMIZATION_LEVEL = "-O";
				VALIDATE_PRODUCT = YES;
			};
			name = Release;
		};
		0BC6DB0F251CE4DB00DAEF72 /* Debug */ = {
			isa = XCBuildConfiguration;
			buildSettings = {
				ASSETCATALOG_COMPILER_APPICON_NAME = AppIcon;
				ASSETCATALOG_COMPILER_GLOBAL_ACCENT_COLOR_NAME = AccentColor;
				CODE_SIGN_STYLE = Automatic;
				DEVELOPMENT_ASSET_PATHS = "\"Top100Albums/Preview Content\"";
				ENABLE_PREVIEWS = YES;
				INFOPLIST_FILE = Top100Albums/Info.plist;
				IPHONEOS_DEPLOYMENT_TARGET = 11.0;
				LD_RUNPATH_SEARCH_PATHS = (
					"$(inherited)",
					"@executable_path/Frameworks",
				);
				PRODUCT_BUNDLE_IDENTIFIER = coding.exercise.Top100Albums;
				PRODUCT_NAME = "$(TARGET_NAME)";
				SWIFT_VERSION = 5.0;
				TARGETED_DEVICE_FAMILY = "1,2";
			};
			name = Debug;
		};
		0BC6DB10251CE4DB00DAEF72 /* Release */ = {
			isa = XCBuildConfiguration;
			buildSettings = {
				ASSETCATALOG_COMPILER_APPICON_NAME = AppIcon;
				ASSETCATALOG_COMPILER_GLOBAL_ACCENT_COLOR_NAME = AccentColor;
				CODE_SIGN_STYLE = Automatic;
				DEVELOPMENT_ASSET_PATHS = "\"Top100Albums/Preview Content\"";
				ENABLE_PREVIEWS = YES;
				INFOPLIST_FILE = Top100Albums/Info.plist;
				IPHONEOS_DEPLOYMENT_TARGET = 11.0;
				LD_RUNPATH_SEARCH_PATHS = (
					"$(inherited)",
					"@executable_path/Frameworks",
				);
				PRODUCT_BUNDLE_IDENTIFIER = coding.exercise.Top100Albums;
				PRODUCT_NAME = "$(TARGET_NAME)";
				SWIFT_VERSION = 5.0;
				TARGETED_DEVICE_FAMILY = "1,2";
			};
			name = Release;
		};
		0BC6DB12251CE4DB00DAEF72 /* Debug */ = {
			isa = XCBuildConfiguration;
			buildSettings = {
				ALWAYS_EMBED_SWIFT_STANDARD_LIBRARIES = YES;
				CODE_SIGN_STYLE = Automatic;
				INFOPLIST_FILE = Top100AlbumsTests/Info.plist;
				IPHONEOS_DEPLOYMENT_TARGET = 11.0;
				LD_RUNPATH_SEARCH_PATHS = (
					"$(inherited)",
					"@executable_path/Frameworks",
					"@loader_path/Frameworks",
				);
				PRODUCT_BUNDLE_IDENTIFIER = coding.exercise.Top100AlbumsTests;
				PRODUCT_NAME = "$(TARGET_NAME)";
				SWIFT_VERSION = 5.0;
				TARGETED_DEVICE_FAMILY = "1,2";
			};
			name = Debug;
		};
		0BC6DB13251CE4DB00DAEF72 /* Release */ = {
			isa = XCBuildConfiguration;
			buildSettings = {
				ALWAYS_EMBED_SWIFT_STANDARD_LIBRARIES = YES;
				CODE_SIGN_STYLE = Automatic;
				INFOPLIST_FILE = Top100AlbumsTests/Info.plist;
				IPHONEOS_DEPLOYMENT_TARGET = 11.0;
				LD_RUNPATH_SEARCH_PATHS = (
					"$(inherited)",
					"@executable_path/Frameworks",
					"@loader_path/Frameworks",
				);
				PRODUCT_BUNDLE_IDENTIFIER = coding.exercise.Top100AlbumsTests;
				PRODUCT_NAME = "$(TARGET_NAME)";
				SWIFT_VERSION = 5.0;
				TARGETED_DEVICE_FAMILY = "1,2";
			};
			name = Release;
		};
		0BC6DB15251CE4DB00DAEF72 /* Debug */ = {
			isa = XCBuildConfiguration;
			buildSettings = {
				ALWAYS_EMBED_SWIFT_STANDARD_LIBRARIES = YES;
				CODE_SIGN_STYLE = Automatic;
				INFOPLIST_FILE = Top100AlbumsUITests/Info.plist;
				IPHONEOS_DEPLOYMENT_TARGET = 11.0;
				LD_RUNPATH_SEARCH_PATHS = (
					"$(inherited)",
					"@executable_path/Frameworks",
					"@loader_path/Frameworks",
				);
				PRODUCT_BUNDLE_IDENTIFIER = coding.exercise.Top100AlbumsUITests;
				PRODUCT_NAME = "$(TARGET_NAME)";
				SWIFT_VERSION = 5.0;
				TARGETED_DEVICE_FAMILY = "1,2";
				TEST_TARGET_NAME = Top100Albums;
			};
			name = Debug;
		};
		0BC6DB16251CE4DB00DAEF72 /* Release */ = {
			isa = XCBuildConfiguration;
			buildSettings = {
				ALWAYS_EMBED_SWIFT_STANDARD_LIBRARIES = YES;
				CODE_SIGN_STYLE = Automatic;
				INFOPLIST_FILE = Top100AlbumsUITests/Info.plist;
				IPHONEOS_DEPLOYMENT_TARGET = 11.0;
				LD_RUNPATH_SEARCH_PATHS = (
					"$(inherited)",
					"@executable_path/Frameworks",
					"@loader_path/Frameworks",
				);
				PRODUCT_BUNDLE_IDENTIFIER = coding.exercise.Top100AlbumsUITests;
				PRODUCT_NAME = "$(TARGET_NAME)";
				SWIFT_VERSION = 5.0;
				TARGETED_DEVICE_FAMILY = "1,2";
				TEST_TARGET_NAME = Top100Albums;
			};
			name = Release;
		};
/* End XCBuildConfiguration section */

/* Begin XCConfigurationList section */
		0BC6DADF251CE4D900DAEF72 /* Build configuration list for PBXProject "Top100Albums" */ = {
			isa = XCConfigurationList;
			buildConfigurations = (
				0BC6DB0C251CE4DB00DAEF72 /* Debug */,
				0BC6DB0D251CE4DB00DAEF72 /* Release */,
			);
			defaultConfigurationIsVisible = 0;
			defaultConfigurationName = Release;
		};
		0BC6DB0E251CE4DB00DAEF72 /* Build configuration list for PBXNativeTarget "Top100Albums" */ = {
			isa = XCConfigurationList;
			buildConfigurations = (
				0BC6DB0F251CE4DB00DAEF72 /* Debug */,
				0BC6DB10251CE4DB00DAEF72 /* Release */,
			);
			defaultConfigurationIsVisible = 0;
			defaultConfigurationName = Release;
		};
		0BC6DB11251CE4DB00DAEF72 /* Build configuration list for PBXNativeTarget "Top100AlbumsTests" */ = {
			isa = XCConfigurationList;
			buildConfigurations = (
				0BC6DB12251CE4DB00DAEF72 /* Debug */,
				0BC6DB13251CE4DB00DAEF72 /* Release */,
			);
			defaultConfigurationIsVisible = 0;
			defaultConfigurationName = Release;
		};
		0BC6DB14251CE4DB00DAEF72 /* Build configuration list for PBXNativeTarget "Top100AlbumsUITests" */ = {
			isa = XCConfigurationList;
			buildConfigurations = (
				0BC6DB15251CE4DB00DAEF72 /* Debug */,
				0BC6DB16251CE4DB00DAEF72 /* Release */,
			);
			defaultConfigurationIsVisible = 0;
			defaultConfigurationName = Release;
		};
/* End XCConfigurationList section */
	};
	rootObject = 0BC6DADC251CE4D900DAEF72 /* Project object */;
}
